
Microsoft Visual Studio Solution File, Format Version 12.00
# Visual Studio Version 17
VisualStudioVersion = 17.3.32819.101
MinimumVisualStudioVersion = 10.0.40219.1
Project("{2150E333-8FDC-42A3-9474-1A3956D46DE8}") = "src", "src", "{307211C4-2227-4F40-95AB-531E18262B96}"
EndProject
Project("{2150E333-8FDC-42A3-9474-1A3956D46DE8}") = "WebApi", "WebApi", "{4E458C2C-10B9-4EB8-AB04-3E91366AE225}"
EndProject
Project("{9A19103F-16F7-4668-BE54-9A1E7A4F7556}") = "CefetPark.WebApi", "src\WebApi\CefetPark.WebApi\CefetPark.WebApi.csproj", "{BFC81D82-21E3-4CC7-A819-72CE3A1A5B48}"
EndProject
Project("{2150E333-8FDC-42A3-9474-1A3956D46DE8}") = "Application", "Application", "{7D01A580-ED51-4692-BCA5-0B227C008D8A}"
EndProject
Project("{9A19103F-16F7-4668-BE54-9A1E7A4F7556}") = "CefetPark.Application", "src\Application\CefetPark.Application\CefetPark.Application.csproj", "{2B46C8B8-F41E-4245-903B-BCCFA4D82A77}"
	ProjectSection(ProjectDependencies) = postProject
		{5421CC74-6CEB-4D30-A994-E56552F7760D} = {5421CC74-6CEB-4D30-A994-E56552F7760D}
	EndProjectSection
EndProject
Project("{2150E333-8FDC-42A3-9474-1A3956D46DE8}") = "Infra", "Infra", "{12F2D3A9-68A2-4636-9329-56877716DD00}"
EndProject
Project("{9A19103F-16F7-4668-BE54-9A1E7A4F7556}") = "CefetPark.Infra", "src\Infra\CefetPark.Infra\CefetPark.Infra.csproj", "{33FF9B06-7543-4C6C-8710-19D72C2B239B}"
EndProject
Project("{2150E333-8FDC-42A3-9474-1A3956D46DE8}") = "CrossCutting", "CrossCutting", "{373A3A60-FEDF-4889-9844-8FAF495776A8}"
EndProject
Project("{2150E333-8FDC-42A3-9474-1A3956D46DE8}") = "Domain", "Domain", "{9697012C-1678-4058-BF77-6F628D8B644F}"
EndProject
Project("{9A19103F-16F7-4668-BE54-9A1E7A4F7556}") = "CefetPark.Domain", "src\Domain\CefetPark.Domain\CefetPark.Domain.csproj", "{42737EEF-3628-4D39-B4B1-03E75969D132}"
EndProject
Project("{2150E333-8FDC-42A3-9474-1A3956D46DE8}") = "Utils", "Utils", "{1501BDC7-801A-4677-8062-794227E7BCA0}"
EndProject
Project("{2150E333-8FDC-42A3-9474-1A3956D46DE8}") = "Ioc", "Ioc", "{6669E9C4-A535-478B-8FE6-D802423FFF94}"
EndProject
Project("{9A19103F-16F7-4668-BE54-9A1E7A4F7556}") = "CefetPark.Ioc", "src\CrossCutting\Ioc\CefetPark.Ioc\CefetPark.Ioc.csproj", "{8560495F-28ED-4113-9E3D-9665AF633FE4}"
EndProject
Project("{9A19103F-16F7-4668-BE54-9A1E7A4F7556}") = "CefetPark.Utils", "src\CrossCutting\Utils\CefetPark.Utils\CefetPark.Utils.csproj", "{5421CC74-6CEB-4D30-A994-E56552F7760D}"
EndProject
Global
	GlobalSection(SolutionConfigurationPlatforms) = preSolution
		Debug|Any CPU = Debug|Any CPU
		Release|Any CPU = Release|Any CPU
	EndGlobalSection
	GlobalSection(ProjectConfigurationPlatforms) = postSolution
		{BFC81D82-21E3-4CC7-A819-72CE3A1A5B48}.Debug|Any CPU.ActiveCfg = Debug|Any CPU
		{BFC81D82-21E3-4CC7-A819-72CE3A1A5B48}.Debug|Any CPU.Build.0 = Debug|Any CPU
		{BFC81D82-21E3-4CC7-A819-72CE3A1A5B48}.Release|Any CPU.ActiveCfg = Release|Any CPU
		{BFC81D82-21E3-4CC7-A819-72CE3A1A5B48}.Release|Any CPU.Build.0 = Release|Any CPU
		{2B46C8B8-F41E-4245-903B-BCCFA4D82A77}.Debug|Any CPU.ActiveCfg = Debug|Any CPU
		{2B46C8B8-F41E-4245-903B-BCCFA4D82A77}.Debug|Any CPU.Build.0 = Debug|Any CPU
		{2B46C8B8-F41E-4245-903B-BCCFA4D82A77}.Release|Any CPU.ActiveCfg = Release|Any CPU
		{2B46C8B8-F41E-4245-903B-BCCFA4D82A77}.Release|Any CPU.Build.0 = Release|Any CPU
		{33FF9B06-7543-4C6C-8710-19D72C2B239B}.Debug|Any CPU.ActiveCfg = Debug|Any CPU
		{33FF9B06-7543-4C6C-8710-19D72C2B239B}.Debug|Any CPU.Build.0 = Debug|Any CPU
		{33FF9B06-7543-4C6C-8710-19D72C2B239B}.Release|Any CPU.ActiveCfg = Release|Any CPU
		{33FF9B06-7543-4C6C-8710-19D72C2B239B}.Release|Any CPU.Build.0 = Release|Any CPU
		{42737EEF-3628-4D39-B4B1-03E75969D132}.Debug|Any CPU.ActiveCfg = Debug|Any CPU
		{42737EEF-3628-4D39-B4B1-03E75969D132}.Debug|Any CPU.Build.0 = Debug|Any CPU
		{42737EEF-3628-4D39-B4B1-03E75969D132}.Release|Any CPU.ActiveCfg = Release|Any CPU
		{42737EEF-3628-4D39-B4B1-03E75969D132}.Release|Any CPU.Build.0 = Release|Any CPU
		{8560495F-28ED-4113-9E3D-9665AF633FE4}.Debug|Any CPU.ActiveCfg = Debug|Any CPU
		{8560495F-28ED-4113-9E3D-9665AF633FE4}.Debug|Any CPU.Build.0 = Debug|Any CPU
		{8560495F-28ED-4113-9E3D-9665AF633FE4}.Release|Any CPU.ActiveCfg = Release|Any CPU
		{8560495F-28ED-4113-9E3D-9665AF633FE4}.Release|Any CPU.Build.0 = Release|Any CPU
		{5421CC74-6CEB-4D30-A994-E56552F7760D}.Debug|Any CPU.ActiveCfg = Debug|Any CPU
		{5421CC74-6CEB-4D30-A994-E56552F7760D}.Debug|Any CPU.Build.0 = Debug|Any CPU
		{5421CC74-6CEB-4D30-A994-E56552F7760D}.Release|Any CPU.ActiveCfg = Release|Any CPU
		{5421CC74-6CEB-4D30-A994-E56552F7760D}.Release|Any CPU.Build.0 = Release|Any CPU
	EndGlobalSection
	GlobalSection(SolutionProperties) = preSolution
		HideSolutionNode = FALSE
	EndGlobalSection
	GlobalSection(NestedProjects) = preSolution
		{4E458C2C-10B9-4EB8-AB04-3E91366AE225} = {307211C4-2227-4F40-95AB-531E18262B96}
		{BFC81D82-21E3-4CC7-A819-72CE3A1A5B48} = {4E458C2C-10B9-4EB8-AB04-3E91366AE225}
		{7D01A580-ED51-4692-BCA5-0B227C008D8A} = {307211C4-2227-4F40-95AB-531E18262B96}
		{2B46C8B8-F41E-4245-903B-BCCFA4D82A77} = {7D01A580-ED51-4692-BCA5-0B227C008D8A}
		{12F2D3A9-68A2-4636-9329-56877716DD00} = {307211C4-2227-4F40-95AB-531E18262B96}
		{33FF9B06-7543-4C6C-8710-19D72C2B239B} = {12F2D3A9-68A2-4636-9329-56877716DD00}
		{373A3A60-FEDF-4889-9844-8FAF495776A8} = {307211C4-2227-4F40-95AB-531E18262B96}
		{9697012C-1678-4058-BF77-6F628D8B644F} = {307211C4-2227-4F40-95AB-531E18262B96}
		{42737EEF-3628-4D39-B4B1-03E75969D132} = {9697012C-1678-4058-BF77-6F628D8B644F}
		{1501BDC7-801A-4677-8062-794227E7BCA0} = {373A3A60-FEDF-4889-9844-8FAF495776A8}
		{6669E9C4-A535-478B-8FE6-D802423FFF94} = {373A3A60-FEDF-4889-9844-8FAF495776A8}
		{8560495F-28ED-4113-9E3D-9665AF633FE4} = {6669E9C4-A535-478B-8FE6-D802423FFF94}
		{5421CC74-6CEB-4D30-A994-E56552F7760D} = {1501BDC7-801A-4677-8062-794227E7BCA0}
	EndGlobalSection
	GlobalSection(ExtensibilityGlobals) = postSolution
		SolutionGuid = {9EE1477A-9CDC-4DBA-9CA6-BA40F5897783}
	EndGlobalSection
EndGlobal
